
Microsoft Visual Studio Solution File, Format Version 12.00
# Visual Studio Version 16
VisualStudioVersion = 16.0.29201.188
MinimumVisualStudioVersion = 10.0.40219.1
Project("{9A19103F-16F7-4668-BE54-9A1E7A4F7556}") = "SetExtensions", "SetExtensions\SetExtensions.csproj", "{95ADDBD9-679B-41D8-8D87-ADEFFFD09A56}"
EndProject
Global
	GlobalSection(SolutionConfigurationPlatforms) = preSolution
		Debug|Any CPU = Debug|Any CPU
		Release|Any CPU = Release|Any CPU
	EndGlobalSection
	GlobalSection(ProjectConfigurationPlatforms) = postSolution
		{95ADDBD9-679B-41D8-8D87-ADEFFFD09A56}.Debug|Any CPU.ActiveCfg = Debug|Any CPU
		{95ADDBD9-679B-41D8-8D87-ADEFFFD09A56}.Debug|Any CPU.Build.0 = Debug|Any CPU
		{95ADDBD9-679B-41D8-8D87-ADEFFFD09A56}.Release|Any CPU.ActiveCfg = Release|Any CPU
		{95ADDBD9-679B-41D8-8D87-ADEFFFD09A56}.Release|Any CPU.Build.0 = Release|Any CPU
		{E2FA434E-9408-4580-ADBE-1C0101CCF4C1}.Debug|Any CPU.ActiveCfg = Debug|Any CPU
		{E2FA434E-9408-4580-ADBE-1C0101CCF4C1}.Debug|Any CPU.Build.0 = Debug|Any CPU
		{E2FA434E-9408-4580-ADBE-1C0101CCF4C1}.Release|Any CPU.ActiveCfg = Release|Any CPU
		{E2FA434E-9408-4580-ADBE-1C0101CCF4C1}.Release|Any CPU.Build.0 = Release|Any CPU
	EndGlobalSection
	GlobalSection(SolutionProperties) = preSolution
		HideSolutionNode = FALSE
	EndGlobalSection
	GlobalSection(ExtensibilityGlobals) = postSolution
		SolutionGuid = {41B7C6FF-FFC7-4D24-B29F-7348CE9AE8B6}
	EndGlobalSection
EndGlobal
